
Microsoft Visual Studio Solution File, Format Version 12.00
# Visual Studio Version 16
VisualStudioVersion = 16.0.34301.259
MinimumVisualStudioVersion = 10.0.40219.1
Project("{FAE04EC0-301F-11D3-BF4B-00C04F79EFBC}") = "Operators", "Operators.csproj", "{29AB8508-1C13-4EF4-BF5F-F892F6156C6F}"
EndProject
Global
	GlobalSection(SolutionConfigurationPlatforms) = preSolution
		Debug|Any CPU = Debug|Any CPU
		Release|Any CPU = Release|Any CPU
	EndGlobalSection
	GlobalSection(ProjectConfigurationPlatforms) = postSolution
		{29AB8508-1C13-4EF4-BF5F-F892F6156C6F}.Debug|Any CPU.ActiveCfg = Debug|Any CPU
		{29AB8508-1C13-4EF4-BF5F-F892F6156C6F}.Debug|Any CPU.Build.0 = Debug|Any CPU
		{29AB8508-1C13-4EF4-BF5F-F892F6156C6F}.Release|Any CPU.ActiveCfg = Release|Any CPU
		{29AB8508-1C13-4EF4-BF5F-F892F6156C6F}.Release|Any CPU.Build.0 = Release|Any CPU
	EndGlobalSection
	GlobalSection(SolutionProperties) = preSolution
		HideSolutionNode = FALSE
	EndGlobalSection
	GlobalSection(ExtensibilityGlobals) = postSolution
		SolutionGuid = {1BB39514-DB78-4C44-8300-214C1F3C2C03}
	EndGlobalSection
EndGlobal
